# This file is automatically @generated by Cargo.
# It is not intended for manual editing.
version = 4

[[package]]
name = "core"
version = "0.1.0"

[[package]]
name = "node_hypo"
version = "0.1.0"

[[package]]
name = "node_refute"
version = "0.1.0"

[[package]]
name = "orchestrator"
version = "0.1.0"

[[package]]
name = "persona"
version = "0.1.0"
